{
  "requires": true,
  "lockfileVersion": 1,
  "dependencies": {
    "web-monetization-ad-hider": {
      "version": "0.3.0",
      "resolved": "https://registry.npmjs.org/web-monetization-ad-hider/-/web-monetization-ad-hider-0.3.0.tgz",
      "integrity": "sha512-vxr04QICZ+L1f8P1MHYGH6ag3TfzpcJuvke7VLIo6Gi0RSTolzuMJKES0qorE6SR3z7OvHoP9ik95k50m5EiHA=="
    },
    "web-share-wrapper": {
      "version": "0.2.1",
      "resolved": "https://registry.npmjs.org/web-share-wrapper/-/web-share-wrapper-0.2.1.tgz",
      "integrity": "sha512-YEHwLgxLP3qOiP7/pKNdwSLdXfJ8+U9b1A12jbALzE9nSX/sbu4TTZXxQWu1nFjAfzxeqbwokAhcMDWe/4ey0Q=="
    }
  }
}
